// !$*UTF8*$!
{
	archiveVersion = 1;
	classes = {
	};
	objectVersion = 46;
	objects = {

/* Begin PBXBuildFile section */
		2A1EDE421C3A16A6009326CD /* main.m in Sources */ = {isa = PBXBuildFile; fileRef = 2A1EDE411C3A16A6009326CD /* main.m */; };
		2A1EDE451C3A16A6009326CD /* AppDelegate.m in Sources */ = {isa = PBXBuildFile; fileRef = 2A1EDE441C3A16A6009326CD /* AppDelegate.m */; };
		2A1EDE481C3A16A6009326CD /* ViewController.m in Sources */ = {isa = PBXBuildFile; fileRef = 2A1EDE471C3A16A6009326CD /* ViewController.m */; };
		2A1EDE4B1C3A16A6009326CD /* Main.storyboard in Resources */ = {isa = PBXBuildFile; fileRef = 2A1EDE491C3A16A6009326CD /* Main.storyboard */; };
		2A1EDE4D1C3A16A6009326CD /* Assets.xcassets in Resources */ = {isa = PBXBuildFile; fileRef = 2A1EDE4C1C3A16A6009326CD /* Assets.xcassets */; };
		2A1EDE501C3A16A6009326CD /* LaunchScreen.storyboard in Resources */ = {isa = PBXBuildFile; fileRef = 2A1EDE4E1C3A16A6009326CD /* LaunchScreen.storyboard */; };
/* End PBXBuildFile section */

/* Begin PBXFileReference section */
		2A1EDE3D1C3A16A6009326CD /* gitHubTest.app */ = {isa = PBXFileReference; explicitFileType = wrapper.application; includeInIndex = 0; path = gitHubTest.app; sourceTree = BUILT_PRODUCTS_DIR; };
		2A1EDE411C3A16A6009326CD /* main.m */ = {isa = PBXFileReference; lastKnownFileType = sourcecode.c.objc; path = main.m; sourceTree = "<group>"; };
		2A1EDE431C3A16A6009326CD /* AppDelegate.h */ = {isa = PBXFileReference; lastKnownFileType = sourcecode.c.h; path = AppDelegate.h; sourceTree = "<group>"; };
		2A1EDE441C3A16A6009326CD /* AppDelegate.m */ = {isa = PBXFileReference; lastKnownFileType = sourcecode.c.objc; path = AppDelegate.m; sourceTree = "<group>"; };
		2A1EDE461C3A16A6009326CD /* ViewController.h */ = {isa = PBXFileReference; lastKnownFileType = sourcecode.c.h; path = ViewController.h; sourceTree = "<group>"; };
		2A1EDE471C3A16A6009326CD /* ViewController.m */ = {isa = PBXFileReference; lastKnownFileType = sourcecode.c.objc; path = ViewController.m; sourceTree = "<group>"; };
		2A1EDE4A1C3A16A6009326CD /* Base */ = {isa = PBXFileReference; lastKnownFileType = file.storyboard; name = Base; path = Base.lproj/Main.storyboard; sourceTree = "<group>"; };
		2A1EDE4C1C3A16A6009326CD /* Assets.xcassets */ = {isa = PBXFileReference; lastKnownFileType = folder.assetcatalog; path = Assets.xcassets; sourceTree = "<group>"; };
		2A1EDE4F1C3A16A6009326CD /* Base */ = {isa = PBXFileReference; lastKnownFileType = file.storyboard; name = Base; path = Base.lproj/LaunchScreen.storyboard; sourceTree = "<group>"; };
		2A1EDE511C3A16A6009326CD /* Info.plist */ = {isa = PBXFileReference; lastKnownFileType = text.plist.xml; path = Info.plist; sourceTree = "<group>"; };
/* End PBXFileReference section */

/* Begin PBXFrameworksBuildPhase section */
		2A1EDE3A1C3A16A6009326CD /* Frameworks */ = {
			isa = PBXFrameworksBuildPhase;
			buildActionMask = 2147483647;
			files = (
			);
			runOnlyForDeploymentPostprocessing = 0;
		};
/* End PBXFrameworksBuildPhase section */

/* Begin PBXGroup section */
		2A1EDE341C3A16A5009326CD = {
			isa = PBXGroup;
			children = (
				2A1EDE3F1C3A16A6009326CD /* gitHubTest */,
				2A1EDE3E1C3A16A6009326CD /* Products */,
			);
			sourceTree = "<group>";
		};
		2A1EDE3E1C3A16A6009326CD /* Products */ = {
			isa = PBXGroup;
			children = (
				2A1EDE3D1C3A16A6009326CD /* gitHubTest.app */,
			);
			name = Products;
			sourceTree = "<group>";
		};
		2A1EDE3F1C3A16A6009326CD /* gitHubTest */ = {
			isa = PBXGroup;
			children = (
				2A1EDE431C3A16A6009326CD /* AppDelegate.h */,
				2A1EDE441C3A16A6009326CD /* AppDelegate.m */,
				2A1EDE461C3A16A6009326CD /* ViewController.h */,
				2A1EDE471C3A16A6009326CD /* ViewController.m */,
				2A1EDE491C3A16A6009326CD /* Main.storyboard */,
				2A1EDE4C1C3A16A6009326CD /* Assets.xcassets */,
				2A1EDE4E1C3A16A6009326CD /* LaunchScreen.storyboard */,
				2A1EDE511C3A16A6009326CD /* Info.plist */,
				2A1EDE401C3A16A6009326CD /* Supporting Files */,
			);
			path = gitHubTest;
			sourceTree = "<group>";
		};
		2A1EDE401C3A16A6009326CD /* Supporting Files */ = {
			isa = PBXGroup;
			children = (
				2A1EDE411C3A16A6009326CD /* main.m */,
			);
			name = "Supporting Files";
			sourceTree = "<group>";
		};
/* End PBXGroup section */

/* Begin PBXNativeTarget section */
		2A1EDE3C1C3A16A6009326CD /* gitHubTest */ = {
			isa = PBXNativeTarget;
			buildConfigurationList = 2A1EDE541C3A16A6009326CD /* Build configuration list for PBXNativeTarget "gitHubTest" */;
			buildPhases = (
				2A1EDE391C3A16A6009326CD /* Sources */,
				2A1EDE3A1C3A16A6009326CD /* Frameworks */,
				2A1EDE3B1C3A16A6009326CD /* Resources */,
			);
			buildRules = (
			);
			dependencies = (
			);
			name = gitHubTest;
			productName = gitHubTest;
			productReference = 2A1EDE3D1C3A16A6009326CD /* gitHubTest.app */;
			productType = "com.apple.product-type.application";
		};
/* End PBXNativeTarget section */

/* Begin PBXProject section */
		2A1EDE351C3A16A5009326CD /* Project object */ = {
			isa = PBXProject;
			attributes = {
				LastUpgradeCheck = 0710;
				ORGANIZATIONNAME = Chenchen;
				TargetAttributes = {
					2A1EDE3C1C3A16A6009326CD = {
						CreatedOnToolsVersion = 7.1.1;
					};
				};
			};
			buildConfigurationList = 2A1EDE381C3A16A5009326CD /* Build configuration list for PBXProject "gitHubTest" */;
			compatibilityVersion = "Xcode 3.2";
			developmentRegion = English;
			hasScannedForEncodings = 0;
			knownRegions = (
				en,
				Base,
			);
			mainGroup = 2A1EDE341C3A16A5009326CD;
			productRefGroup = 2A1EDE3E1C3A16A6009326CD /* Products */;
			projectDirPath = "";
			projectRoot = "";
			targets = (
				2A1EDE3C1C3A16A6009326CD /* gitHubTest */,
			);
		};
/* End PBXProject section */

/* Begin PBXResourcesBuildPhase section */
		2A1EDE3B1C3A16A6009326CD /* Resources */ = {
			isa = PBXResourcesBuildPhase;
			buildActionMask = 2147483647;
			files = (
				2A1EDE501C3A16A6009326CD /* LaunchScreen.storyboard in Resources */,
				2A1EDE4D1C3A16A6009326CD /* Assets.xcassets in Resources */,
				2A1EDE4B1C3A16A6009326CD /* Main.storyboard in Resources */,
			);
			runOnlyForDeploymentPostprocessing = 0;
		};
/* End PBXResourcesBuildPhase section */

/* Begin PBXSourcesBuildPhase section */
		2A1EDE391C3A16A6009326CD /* Sources */ = {
			isa = PBXSourcesBuildPhase;
			buildActionMask = 2147483647;
			files = (
				2A1EDE481C3A16A6009326CD /* ViewController.m in Sources */,
				2A1EDE451C3A16A6009326CD /* AppDelegate.m in Sources */,
				2A1EDE421C3A16A6009326CD /* main.m in Sources */,
			);
			runOnlyForDeploymentPostprocessing = 0;
		};
/* End PBXSourcesBuildPhase section */

/* Begin PBXVariantGroup section */
		2A1EDE491C3A16A6009326CD /* Main.storyboard */ = {
			isa = PBXVariantGroup;
			children = (
				2A1EDE4A1C3A16A6009326CD /* Base */,
			);
			name = Main.storyboard;
			sourceTree = "<group>";
		};
		2A1EDE4E1C3A16A6009326CD /* LaunchScreen.storyboard */ = {
			isa = PBXVariantGroup;
			children = (
				2A1EDE4F1C3A16A6009326CD /* Base */,
			);
			name = LaunchScreen.storyboard;
			sourceTree = "<group>";
		};
/* End PBXVariantGroup section */

/* Begin XCBuildConfiguration section */
		2A1EDE521C3A16A6009326CD /* Debug */ = {
			isa = XCBuildConfiguration;
			buildSettings = {
				ALWAYS_SEARCH_USER_PATHS = NO;
				CLANG_CXX_LANGUAGE_STANDARD = "gnu++0x";
				CLANG_CXX_LIBRARY = "libc++";
				CLANG_ENABLE_MODULES = YES;
				CLANG_ENABLE_OBJC_ARC = YES;
				CLANG_WARN_BOOL_CONVERSION = YES;
				CLANG_WARN_CONSTANT_CONVERSION = YES;
				CLANG_WARN_DIRECT_OBJC_ISA_USAGE = YES_ERROR;
				CLANG_WARN_EMPTY_BODY = YES;
				CLANG_WARN_ENUM_CONVERSION = YES;
				CLANG_WARN_INT_CONVERSION = YES;
				CLANG_WARN_OBJC_ROOT_CLASS = YES_ERROR;
				CLANG_WARN_UNREACHABLE_CODE = YES;
				CLANG_WARN__DUPLICATE_METHOD_MATCH = YES;
				"CODE_SIGN_IDENTITY[sdk=iphoneos*]" = "iPhone Developer";
				COPY_PHASE_STRIP = NO;
				DEBUG_INFORMATION_FORMAT = dwarf;
				ENABLE_STRICT_OBJC_MSGSEND = YES;
				ENABLE_TESTABILITY = YES;
				GCC_C_LANGUAGE_STANDARD = gnu99;
				GCC_DYNAMIC_NO_PIC = NO;
				GCC_NO_COMMON_BLOCKS = YES;
				GCC_OPTIMIZATION_LEVEL = 0;
				GCC_PREPROCESSOR_DEFINITIONS = (
					"DEBUG=1",
					"$(inherited)",
				);
				GCC_WARN_64_TO_32_BIT_CONVERSION = YES;
				GCC_WARN_ABOUT_RETURN_TYPE = YES_ERROR;
				GCC_WARN_UNDECLARED_SELECTOR = YES;
				GCC_WARN_UNINITIALIZED_AUTOS = YES_AGGRESSIVE;
				GCC_WARN_UNUSED_FUNCTION = YES;
				GCC_WARN_UNUSED_VARIABLE = YES;
				IPHONEOS_DEPLOYMENT_TARGET = 9.1;
				MTL_ENABLE_DEBUG_INFO = YES;
				ONLY_ACTIVE_ARCH = YES;
				SDKROOT = iphoneos;
				TARGETED_DEVICE_FAMILY = "1,2";
			};
			name = Debug;
		};
		2A1EDE531C3A16A6009326CD /* Release */ = {
			isa = XCBuildConfiguration;
			buildSettings = {
				ALWAYS_SEARCH_USER_PATHS = NO;
				CLANG_CXX_LANGUAGE_STANDARD = "gnu++0x";
				CLANG_CXX_LIBRARY = "libc++";
				CLANG_ENABLE_MODULES = YES;
				CLANG_ENABLE_OBJC_ARC = YES;
				CLANG_WARN_BOOL_CONVERSION = YES;
				CLANG_WARN_CONSTANT_CONVERSION = YES;
				CLANG_WARN_DIRECT_OBJC_ISA_USAGE = YES_ERROR;
				CLANG_WARN_EMPTY_BODY = YES;
				CLANG_WARN_ENUM_CONVERSION = YES;
				CLANG_WARN_INT_CONVERSION = YES;
				CLANG_WARN_OBJC_ROOT_CLASS = YES_ERROR;
				CLANG_WARN_UNREACHABLE_CODE = YES;
				CLANG_WARN__DUPLICATE_METHOD_MATCH = YES;
				"CODE_SIGN_IDENTITY[sdk=iphoneos*]" = "iPhone Developer";
				COPY_PHASE_STRIP = NO;
				DEBUG_INFORMATION_FORMAT = "dwarf-with-dsym";
				ENABLE_NS_ASSERTIONS = NO;
				ENABLE_STRICT_OBJC_MSGSEND = YES;
				GCC_C_LANGUAGE_STANDARD = gnu99;
				GCC_NO_COMMON_BLOCKS = YES;
				GCC_WARN_64_TO_32_BIT_CONVERSION = YES;
				GCC_WARN_ABOUT_RETURN_TYPE = YES_ERROR;
				GCC_WARN_UNDECLARED_SELECTOR = YES;
				GCC_WARN_UNINITIALIZED_AUTOS = YES_AGGRESSIVE;
				GCC_WARN_UNUSED_FUNCTION = YES;
				GCC_WARN_UNUSED_VARIABLE = YES;
				IPHONEOS_DEPLOYMENT_TARGET = 9.1;
				MTL_ENABLE_DEBUG_INFO = NO;
				SDKROOT = iphoneos;
				TARGETED_DEVICE_FAMILY = "1,2";
				VALIDATE_PRODUCT = YES;
			};
			name = Release;
		};
		2A1EDE551C3A16A6009326CD /* Debug */ = {
			isa = XCBuildConfiguration;
			buildSettings = {
				ASSETCATALOG_COMPILER_APPICON_NAME = AppIcon;
				INFOPLIST_FILE = gitHubTest/Info.plist;
				LD_RUNPATH_SEARCH_PATHS = "$(inherited) @executable_path/Frameworks";
				PRODUCT_BUNDLE_IDENTIFIER = com.Chenchen.gitHubTest;
				PRODUCT_NAME = "$(TARGET_NAME)";
			};
			name = Debug;
		};
		2A1EDE561C3A16A6009326CD /* Release */ = {
			isa = XCBuildConfiguration;
			buildSettings = {
				ASSETCATALOG_COMPILER_APPICON_NAME = AppIcon;
				INFOPLIST_FILE = gitHubTest/Info.plist;
				LD_RUNPATH_SEARCH_PATHS = "$(inherited) @executable_path/Frameworks";
				PRODUCT_BUNDLE_IDENTIFIER = com.Chenchen.gitHubTest;
				PRODUCT_NAME = "$(TARGET_NAME)";
			};
			name = Release;
		};
/* End XCBuildConfiguration section */

/* Begin XCConfigurationList section */
		2A1EDE381C3A16A5009326CD /* Build configuration list for PBXProject "gitHubTest" */ = {
			isa = XCConfigurationList;
			buildConfigurations = (
				2A1EDE521C3A16A6009326CD /* Debug */,
				2A1EDE531C3A16A6009326CD /* Release */,
			);
			defaultConfigurationIsVisible = 0;
			defaultConfigurationName = Release;
		};
		2A1EDE541C3A16A6009326CD /* Build configuration list for PBXNativeTarget "gitHubTest" */ = {
			isa = XCConfigurationList;
			buildConfigurations = (
				2A1EDE551C3A16A6009326CD /* Debug */,
				2A1EDE561C3A16A6009326CD /* Release */,
			);
			defaultConfigurationIsVisible = 0;
		};
/* End XCConfigurationList section */
	};
	rootObject = 2A1EDE351C3A16A5009326CD /* Project object */;
}
